
Microsoft Visual Studio Solution File, Format Version 12.00
Project("{FAE04EC0-301F-11D3-BF4B-00C04F79EFBC}") = "lesson5_常量", "lesson5_常量\lesson5_常量.csproj", "{D608B4C7-2A35-4A90-B867-3483192F4B0F}"
EndProject
Project("{FAE04EC0-301F-11D3-BF4B-00C04F79EFBC}") = "lesson6_转义字符", "lesson6_转义字符\lesson6_转义字符.csproj", "{683B0689-0278-48EA-8F0B-30245F7767C9}"
EndProject
Project("{FAE04EC0-301F-11D3-BF4B-00C04F79EFBC}") = "lesson7_隐式转换", "lesson7_隐式转换\lesson7_隐式转换.csproj", "{10730B64-C484-419F-BED4-866C7A613EF3}"
EndProject
Project("{FAE04EC0-301F-11D3-BF4B-00C04F79EFBC}") = "lesson1_控制台", "lesson1_控制台\lesson1_控制台.csproj", "{99DB8FA8-4C6D-408E-87E8-D9E8CA3F3173}"
EndProject
Project("{FAE04EC0-301F-11D3-BF4B-00C04F79EFBC}") = "lesson2_变量", "lesson2_变量\lesson2_变量.csproj", "{BD720DCB-556A-43E8-AC27-35FDC58E690F}"
EndProject
Project("{FAE04EC0-301F-11D3-BF4B-00C04F79EFBC}") = "lesson3_变量本质", "lesson3_变量本质\lesson3_变量本质.csproj", "{EC5DC686-01D0-42A5-B1D4-7F535F6C2531}"
EndProject
Project("{FAE04EC0-301F-11D3-BF4B-00C04F79EFBC}") = "lesson4_命名规范", "lesson4_命名规范\lesson4_命名规范.csproj", "{E294DA23-B523-4E6C-B5AC-437A67FB25DB}"
EndProject
Project("{FAE04EC0-301F-11D3-BF4B-00C04F79EFBC}") = "lesson8_显示转换", "lesson8_显示转换\lesson8_显示转换.csproj", "{821DA716-9086-4BA9-937E-B2FA01B62B4B}"
EndProject
Project("{FAE04EC0-301F-11D3-BF4B-00C04F79EFBC}") = "lesson12_条件运算符", "lesson12_条件运算符\lesson12_条件运算符.csproj", "{E7EC559E-6461-485E-94EE-20FCE466AD28}"
EndProject
Project("{FAE04EC0-301F-11D3-BF4B-00C04F79EFBC}") = "lesson9_异常捕获", "lesson9_异常捕获\lesson9_异常捕获.csproj", "{739F3CE3-A7DF-444B-B642-CA78E4B90D44}"
EndProject
Project("{FAE04EC0-301F-11D3-BF4B-00C04F79EFBC}") = "lesson10_算数运算", "lesson10_算数运算\lesson10_算数运算.csproj", "{58EB25B4-FF8A-4035-9B35-58C76486E655}"
EndProject
Global
	GlobalSection(SolutionConfigurationPlatforms) = preSolution
		Debug|Any CPU = Debug|Any CPU
		Release|Any CPU = Release|Any CPU
	EndGlobalSection
	GlobalSection(ProjectConfigurationPlatforms) = postSolution
		{D608B4C7-2A35-4A90-B867-3483192F4B0F}.Debug|Any CPU.ActiveCfg = Debug|Any CPU
		{D608B4C7-2A35-4A90-B867-3483192F4B0F}.Debug|Any CPU.Build.0 = Debug|Any CPU
		{D608B4C7-2A35-4A90-B867-3483192F4B0F}.Release|Any CPU.ActiveCfg = Release|Any CPU
		{D608B4C7-2A35-4A90-B867-3483192F4B0F}.Release|Any CPU.Build.0 = Release|Any CPU
		{683B0689-0278-48EA-8F0B-30245F7767C9}.Debug|Any CPU.ActiveCfg = Debug|Any CPU
		{683B0689-0278-48EA-8F0B-30245F7767C9}.Debug|Any CPU.Build.0 = Debug|Any CPU
		{683B0689-0278-48EA-8F0B-30245F7767C9}.Release|Any CPU.ActiveCfg = Release|Any CPU
		{683B0689-0278-48EA-8F0B-30245F7767C9}.Release|Any CPU.Build.0 = Release|Any CPU
		{10730B64-C484-419F-BED4-866C7A613EF3}.Debug|Any CPU.ActiveCfg = Debug|Any CPU
		{10730B64-C484-419F-BED4-866C7A613EF3}.Debug|Any CPU.Build.0 = Debug|Any CPU
		{10730B64-C484-419F-BED4-866C7A613EF3}.Release|Any CPU.ActiveCfg = Release|Any CPU
		{10730B64-C484-419F-BED4-866C7A613EF3}.Release|Any CPU.Build.0 = Release|Any CPU
		{99DB8FA8-4C6D-408E-87E8-D9E8CA3F3173}.Debug|Any CPU.ActiveCfg = Debug|Any CPU
		{99DB8FA8-4C6D-408E-87E8-D9E8CA3F3173}.Debug|Any CPU.Build.0 = Debug|Any CPU
		{99DB8FA8-4C6D-408E-87E8-D9E8CA3F3173}.Release|Any CPU.ActiveCfg = Release|Any CPU
		{99DB8FA8-4C6D-408E-87E8-D9E8CA3F3173}.Release|Any CPU.Build.0 = Release|Any CPU
		{BD720DCB-556A-43E8-AC27-35FDC58E690F}.Debug|Any CPU.ActiveCfg = Debug|Any CPU
		{BD720DCB-556A-43E8-AC27-35FDC58E690F}.Debug|Any CPU.Build.0 = Debug|Any CPU
		{BD720DCB-556A-43E8-AC27-35FDC58E690F}.Release|Any CPU.ActiveCfg = Release|Any CPU
		{BD720DCB-556A-43E8-AC27-35FDC58E690F}.Release|Any CPU.Build.0 = Release|Any CPU
		{EC5DC686-01D0-42A5-B1D4-7F535F6C2531}.Debug|Any CPU.ActiveCfg = Debug|Any CPU
		{EC5DC686-01D0-42A5-B1D4-7F535F6C2531}.Debug|Any CPU.Build.0 = Debug|Any CPU
		{EC5DC686-01D0-42A5-B1D4-7F535F6C2531}.Release|Any CPU.ActiveCfg = Release|Any CPU
		{EC5DC686-01D0-42A5-B1D4-7F535F6C2531}.Release|Any CPU.Build.0 = Release|Any CPU
		{E294DA23-B523-4E6C-B5AC-437A67FB25DB}.Debug|Any CPU.ActiveCfg = Debug|Any CPU
		{E294DA23-B523-4E6C-B5AC-437A67FB25DB}.Debug|Any CPU.Build.0 = Debug|Any CPU
		{E294DA23-B523-4E6C-B5AC-437A67FB25DB}.Release|Any CPU.ActiveCfg = Release|Any CPU
		{E294DA23-B523-4E6C-B5AC-437A67FB25DB}.Release|Any CPU.Build.0 = Release|Any CPU
		{821DA716-9086-4BA9-937E-B2FA01B62B4B}.Debug|Any CPU.ActiveCfg = Debug|Any CPU
		{821DA716-9086-4BA9-937E-B2FA01B62B4B}.Debug|Any CPU.Build.0 = Debug|Any CPU
		{821DA716-9086-4BA9-937E-B2FA01B62B4B}.Release|Any CPU.ActiveCfg = Release|Any CPU
		{821DA716-9086-4BA9-937E-B2FA01B62B4B}.Release|Any CPU.Build.0 = Release|Any CPU
		{E7EC559E-6461-485E-94EE-20FCE466AD28}.Debug|Any CPU.ActiveCfg = Debug|Any CPU
		{E7EC559E-6461-485E-94EE-20FCE466AD28}.Debug|Any CPU.Build.0 = Debug|Any CPU
		{E7EC559E-6461-485E-94EE-20FCE466AD28}.Release|Any CPU.ActiveCfg = Release|Any CPU
		{E7EC559E-6461-485E-94EE-20FCE466AD28}.Release|Any CPU.Build.0 = Release|Any CPU
		{739F3CE3-A7DF-444B-B642-CA78E4B90D44}.Debug|Any CPU.ActiveCfg = Debug|Any CPU
		{739F3CE3-A7DF-444B-B642-CA78E4B90D44}.Debug|Any CPU.Build.0 = Debug|Any CPU
		{739F3CE3-A7DF-444B-B642-CA78E4B90D44}.Release|Any CPU.ActiveCfg = Release|Any CPU
		{739F3CE3-A7DF-444B-B642-CA78E4B90D44}.Release|Any CPU.Build.0 = Release|Any CPU
		{58EB25B4-FF8A-4035-9B35-58C76486E655}.Debug|Any CPU.ActiveCfg = Debug|Any CPU
		{58EB25B4-FF8A-4035-9B35-58C76486E655}.Debug|Any CPU.Build.0 = Debug|Any CPU
		{58EB25B4-FF8A-4035-9B35-58C76486E655}.Release|Any CPU.ActiveCfg = Release|Any CPU
		{58EB25B4-FF8A-4035-9B35-58C76486E655}.Release|Any CPU.Build.0 = Release|Any CPU
	EndGlobalSection
EndGlobal
